
Microsoft Visual Studio Solution File, Format Version 12.00
# Visual Studio 2012
Project("{8BC9CEB8-8B4A-11D0-8D11-00A0C91BC942}") = "leetcode", "leetcode\leetcode.vcxproj", "{55D589C8-6E73-4D6C-8CDA-C5C50A77E44D}"
EndProject
Global
	GlobalSection(SolutionConfigurationPlatforms) = preSolution
		Debug|Win32 = Debug|Win32
		Release|Win32 = Release|Win32
	EndGlobalSection
	GlobalSection(ProjectConfigurationPlatforms) = postSolution
		{55D589C8-6E73-4D6C-8CDA-C5C50A77E44D}.Debug|Win32.ActiveCfg = Debug|Win32
		{55D589C8-6E73-4D6C-8CDA-C5C50A77E44D}.Debug|Win32.Build.0 = Debug|Win32
		{55D589C8-6E73-4D6C-8CDA-C5C50A77E44D}.Release|Win32.ActiveCfg = Release|Win32
		{55D589C8-6E73-4D6C-8CDA-C5C50A77E44D}.Release|Win32.Build.0 = Release|Win32
	EndGlobalSection
	GlobalSection(SolutionProperties) = preSolution
		HideSolutionNode = FALSE
	EndGlobalSection
EndGlobal
